PODS:
  - ephone_field (0.0.3):
    - Flutter
  - Flutter (1.0.0)

DEPENDENCIES:
  - ephone_field (from `.symlinks/plugins/ephone_field/ios`)
  - Flutter (from `Flutter`)

EXTERNAL SOURCES:
  ephone_field:
    :path: ".symlinks/plugins/ephone_field/ios"
  Flutter:
    :path: Flutter

SPEC CHECKSUMS:
  ephone_field: 81be43dd1112ce4ac9a2aa7868f835147b5d0b3e
  Flutter: cabc95a1d2626b1b06e7179b784ebcf0c0cde467

PODFILE CHECKSUM: 30752eba4463e92f56e4688025a3d1b5a0d5ef3d

COCOAPODS: 1.16.2
